
Microsoft Visual Studio Solution File, Format Version 12.00
# Visual Studio Version 16
VisualStudioVersion = 16.0.29324.140
MinimumVisualStudioVersion = 10.0.40219.1
Project("{FAE04EC0-301F-11D3-BF4B-00C04F79EFBC}") = "WindowsFormsApp1", "WindowsFormsApp1\WindowsFormsApp1.csproj", "{BBC6CA64-9741-4035-85F0-52667D6ED26E}"
EndProject
Global
	GlobalSection(SolutionConfigurationPlatforms) = preSolution
		Debug|Any CPU = Debug|Any CPU
		Release|Any CPU = Release|Any CPU
	EndGlobalSection
	GlobalSection(ProjectConfigurationPlatforms) = postSolution
		{BBC6CA64-9741-4035-85F0-52667D6ED26E}.Debug|Any CPU.ActiveCfg = Debug|Any CPU
		{BBC6CA64-9741-4035-85F0-52667D6ED26E}.Debug|Any CPU.Build.0 = Debug|Any CPU
		{BBC6CA64-9741-4035-85F0-52667D6ED26E}.Release|Any CPU.ActiveCfg = Release|Any CPU
		{BBC6CA64-9741-4035-85F0-52667D6ED26E}.Release|Any CPU.Build.0 = Release|Any CPU
	EndGlobalSection
	GlobalSection(SolutionProperties) = preSolution
		HideSolutionNode = FALSE
	EndGlobalSection
	GlobalSection(ExtensibilityGlobals) = postSolution
		SolutionGuid = {7F83493B-D2AC-4C87-B35F-DB7C8816FE38}
	EndGlobalSection
EndGlobal
